
Microsoft Visual Studio Solution File, Format Version 12.00
# Visual Studio Version 16
VisualStudioVersion = 16.0.29613.14
MinimumVisualStudioVersion = 10.0.40219.1
Project("{FAE04EC0-301F-11D3-BF4B-00C04F79EFBC}") = "Crud", "Crud\Crud.csproj", "{D76EF55E-3F05-4C58-9DDA-60A252139B4F}"
EndProject
Global
	GlobalSection(SolutionConfigurationPlatforms) = preSolution
		Debug|Any CPU = Debug|Any CPU
		Release|Any CPU = Release|Any CPU
	EndGlobalSection
	GlobalSection(ProjectConfigurationPlatforms) = postSolution
		{D76EF55E-3F05-4C58-9DDA-60A252139B4F}.Debug|Any CPU.ActiveCfg = Debug|Any CPU
		{D76EF55E-3F05-4C58-9DDA-60A252139B4F}.Debug|Any CPU.Build.0 = Debug|Any CPU
		{D76EF55E-3F05-4C58-9DDA-60A252139B4F}.Release|Any CPU.ActiveCfg = Release|Any CPU
		{D76EF55E-3F05-4C58-9DDA-60A252139B4F}.Release|Any CPU.Build.0 = Release|Any CPU
	EndGlobalSection
	GlobalSection(SolutionProperties) = preSolution
		HideSolutionNode = FALSE
	EndGlobalSection
	GlobalSection(ExtensibilityGlobals) = postSolution
		SolutionGuid = {34FAA8F2-2165-4EC2-B4F9-994D0762A2BE}
	EndGlobalSection
EndGlobal
